
Microsoft Visual Studio Solution File, Format Version 12.00
# Visual Studio Version 17
VisualStudioVersion = 17.2.32505.173
MinimumVisualStudioVersion = 10.0.40219.1
Project("{FAE04EC0-301F-11D3-BF4B-00C04F79EFBC}") = "WebAutoTest", "WebAutoTest.csproj", "{CC46FEF2-9804-404F-A006-C4D699642541}"
EndProject
Global
	GlobalSection(SolutionConfigurationPlatforms) = preSolution
		Debug|Any CPU = Debug|Any CPU
		Release|Any CPU = Release|Any CPU
	EndGlobalSection
	GlobalSection(ProjectConfigurationPlatforms) = postSolution
		{CC46FEF2-9804-404F-A006-C4D699642541}.Debug|Any CPU.ActiveCfg = Debug|Any CPU
		{CC46FEF2-9804-404F-A006-C4D699642541}.Debug|Any CPU.Build.0 = Debug|Any CPU
		{CC46FEF2-9804-404F-A006-C4D699642541}.Release|Any CPU.ActiveCfg = Release|Any CPU
		{CC46FEF2-9804-404F-A006-C4D699642541}.Release|Any CPU.Build.0 = Release|Any CPU
	EndGlobalSection
	GlobalSection(SolutionProperties) = preSolution
		HideSolutionNode = FALSE
	EndGlobalSection
	GlobalSection(ExtensibilityGlobals) = postSolution
		SolutionGuid = {8824BB2E-CFB6-4FBD-ACC8-1F3F1849FE2D}
	EndGlobalSection
EndGlobal
